
Microsoft Visual Studio Solution File, Format Version 12.00
# Visual Studio Version 17
VisualStudioVersion = 17.0.31903.59
MinimumVisualStudioVersion = 10.0.40219.1
Project("{FAE04EC0-301F-11D3-BF4B-00C04F79EFBC}") = "SmoothOperator", "SmoothOperator\SmoothOperator.csproj", "{60FBD833-844A-489C-8D6B-45AAC9F9FBBE}"
EndProject
Project("{FAE04EC0-301F-11D3-BF4B-00C04F79EFBC}") = "VariousOperators", "VariousOperators\VariousOperators.csproj", "{59C30188-3FF6-4CB1-ABE4-092F7E86FBE4}"
EndProject
Project("{FAE04EC0-301F-11D3-BF4B-00C04F79EFBC}") = "Cilindro", "Cilindro\Cilindro.csproj", "{333A7A94-83F9-4BC8-AE8D-BF0A1087EC42}"
EndProject
Project("{FAE04EC0-301F-11D3-BF4B-00C04F79EFBC}") = "ValoresEspeciais", "ValoresEspeciais\ValoresEspeciais.csproj", "{2E164E33-1D3B-4283-AC2E-8B1BE5DEFCA0}"
EndProject
Project("{FAE04EC0-301F-11D3-BF4B-00C04F79EFBC}") = "IfExample", "IfExample\IfExample.csproj", "{D8C76E20-A861-41F5-AE2D-1031891DD068}"
EndProject
Project("{FAE04EC0-301F-11D3-BF4B-00C04F79EFBC}") = "ChatGPTZero", "ChatGPTZero\ChatGPTZero.csproj", "{B7FADC1E-9DCF-40B1-8A21-1E695EE8A71E}"
EndProject
Project("{FAE04EC0-301F-11D3-BF4B-00C04F79EFBC}") = "BreakContinue", "BreakContinue\BreakContinue.csproj", "{87B2911A-4FB2-4A89-BC6A-AF6A27D5276E}"
EndProject
Project("{FAE04EC0-301F-11D3-BF4B-00C04F79EFBC}") = "ChatGPTOne", "ChatGPTOne\ChatGPTOne.csproj", "{B5906042-264F-4ED6-883A-D476095CFC2C}"
EndProject
Global
	GlobalSection(SolutionConfigurationPlatforms) = preSolution
		Debug|Any CPU = Debug|Any CPU
		Release|Any CPU = Release|Any CPU
	EndGlobalSection
	GlobalSection(SolutionProperties) = preSolution
		HideSolutionNode = FALSE
	EndGlobalSection
	GlobalSection(ProjectConfigurationPlatforms) = postSolution
		{60FBD833-844A-489C-8D6B-45AAC9F9FBBE}.Debug|Any CPU.ActiveCfg = Debug|Any CPU
		{60FBD833-844A-489C-8D6B-45AAC9F9FBBE}.Debug|Any CPU.Build.0 = Debug|Any CPU
		{60FBD833-844A-489C-8D6B-45AAC9F9FBBE}.Release|Any CPU.ActiveCfg = Release|Any CPU
		{60FBD833-844A-489C-8D6B-45AAC9F9FBBE}.Release|Any CPU.Build.0 = Release|Any CPU
		{59C30188-3FF6-4CB1-ABE4-092F7E86FBE4}.Debug|Any CPU.ActiveCfg = Debug|Any CPU
		{59C30188-3FF6-4CB1-ABE4-092F7E86FBE4}.Debug|Any CPU.Build.0 = Debug|Any CPU
		{59C30188-3FF6-4CB1-ABE4-092F7E86FBE4}.Release|Any CPU.ActiveCfg = Release|Any CPU
		{59C30188-3FF6-4CB1-ABE4-092F7E86FBE4}.Release|Any CPU.Build.0 = Release|Any CPU
		{333A7A94-83F9-4BC8-AE8D-BF0A1087EC42}.Debug|Any CPU.ActiveCfg = Debug|Any CPU
		{333A7A94-83F9-4BC8-AE8D-BF0A1087EC42}.Debug|Any CPU.Build.0 = Debug|Any CPU
		{333A7A94-83F9-4BC8-AE8D-BF0A1087EC42}.Release|Any CPU.ActiveCfg = Release|Any CPU
		{333A7A94-83F9-4BC8-AE8D-BF0A1087EC42}.Release|Any CPU.Build.0 = Release|Any CPU
		{2E164E33-1D3B-4283-AC2E-8B1BE5DEFCA0}.Debug|Any CPU.ActiveCfg = Debug|Any CPU
		{2E164E33-1D3B-4283-AC2E-8B1BE5DEFCA0}.Debug|Any CPU.Build.0 = Debug|Any CPU
		{2E164E33-1D3B-4283-AC2E-8B1BE5DEFCA0}.Release|Any CPU.ActiveCfg = Release|Any CPU
		{2E164E33-1D3B-4283-AC2E-8B1BE5DEFCA0}.Release|Any CPU.Build.0 = Release|Any CPU
		{D8C76E20-A861-41F5-AE2D-1031891DD068}.Debug|Any CPU.ActiveCfg = Debug|Any CPU
		{D8C76E20-A861-41F5-AE2D-1031891DD068}.Debug|Any CPU.Build.0 = Debug|Any CPU
		{D8C76E20-A861-41F5-AE2D-1031891DD068}.Release|Any CPU.ActiveCfg = Release|Any CPU
		{D8C76E20-A861-41F5-AE2D-1031891DD068}.Release|Any CPU.Build.0 = Release|Any CPU
		{B7FADC1E-9DCF-40B1-8A21-1E695EE8A71E}.Debug|Any CPU.ActiveCfg = Debug|Any CPU
		{B7FADC1E-9DCF-40B1-8A21-1E695EE8A71E}.Debug|Any CPU.Build.0 = Debug|Any CPU
		{B7FADC1E-9DCF-40B1-8A21-1E695EE8A71E}.Release|Any CPU.ActiveCfg = Release|Any CPU
		{B7FADC1E-9DCF-40B1-8A21-1E695EE8A71E}.Release|Any CPU.Build.0 = Release|Any CPU
		{87B2911A-4FB2-4A89-BC6A-AF6A27D5276E}.Debug|Any CPU.ActiveCfg = Debug|Any CPU
		{87B2911A-4FB2-4A89-BC6A-AF6A27D5276E}.Debug|Any CPU.Build.0 = Debug|Any CPU
		{87B2911A-4FB2-4A89-BC6A-AF6A27D5276E}.Release|Any CPU.ActiveCfg = Release|Any CPU
		{87B2911A-4FB2-4A89-BC6A-AF6A27D5276E}.Release|Any CPU.Build.0 = Release|Any CPU
		{B5906042-264F-4ED6-883A-D476095CFC2C}.Debug|Any CPU.ActiveCfg = Debug|Any CPU
		{B5906042-264F-4ED6-883A-D476095CFC2C}.Debug|Any CPU.Build.0 = Debug|Any CPU
		{B5906042-264F-4ED6-883A-D476095CFC2C}.Release|Any CPU.ActiveCfg = Release|Any CPU
		{B5906042-264F-4ED6-883A-D476095CFC2C}.Release|Any CPU.Build.0 = Release|Any CPU
	EndGlobalSection
EndGlobal
